
Microsoft Visual Studio Solution File, Format Version 11.00
# Visual Studio 2010
Project("{FAE04EC0-301F-11D3-BF4B-00C04F79EFBC}") = "DroneAR", "Assembly-CSharp-firstpass.csproj", "{571F3525-789D-2347-E145-5505F575762D}"
EndProject
Project("{FAE04EC0-301F-11D3-BF4B-00C04F79EFBC}") = "DroneAR", "Assembly-CSharp.csproj", "{D2CA360A-6498-5B4F-771F-7D380CFD1092}"
EndProject
Project("{FAE04EC0-301F-11D3-BF4B-00C04F79EFBC}") = "DroneAR", "Assembly-CSharp-Editor-firstpass.csproj", "{8A827E83-8A3D-AB4A-2907-60342AB49313}"
EndProject
Project("{FAE04EC0-301F-11D3-BF4B-00C04F79EFBC}") = "DroneAR", "Assembly-CSharp-Editor.csproj", "{74494DDA-DB0C-674D-62F0-457AE4046059}"
EndProject
Global
	GlobalSection(SolutionConfigurationPlatforms) = preSolution
		Debug|Any CPU = Debug|Any CPU
		Release|Any CPU = Release|Any CPU
	EndGlobalSection
	GlobalSection(ProjectConfigurationPlatforms) = postSolution
		{571F3525-789D-2347-E145-5505F575762D}.Debug|Any CPU.ActiveCfg = Debug|Any CPU
		{571F3525-789D-2347-E145-5505F575762D}.Debug|Any CPU.Build.0 = Debug|Any CPU
		{571F3525-789D-2347-E145-5505F575762D}.Release|Any CPU.ActiveCfg = Release|Any CPU
		{571F3525-789D-2347-E145-5505F575762D}.Release|Any CPU.Build.0 = Release|Any CPU
		{D2CA360A-6498-5B4F-771F-7D380CFD1092}.Debug|Any CPU.ActiveCfg = Debug|Any CPU
		{D2CA360A-6498-5B4F-771F-7D380CFD1092}.Debug|Any CPU.Build.0 = Debug|Any CPU
		{D2CA360A-6498-5B4F-771F-7D380CFD1092}.Release|Any CPU.ActiveCfg = Release|Any CPU
		{D2CA360A-6498-5B4F-771F-7D380CFD1092}.Release|Any CPU.Build.0 = Release|Any CPU
		{8A827E83-8A3D-AB4A-2907-60342AB49313}.Debug|Any CPU.ActiveCfg = Debug|Any CPU
		{8A827E83-8A3D-AB4A-2907-60342AB49313}.Debug|Any CPU.Build.0 = Debug|Any CPU
		{8A827E83-8A3D-AB4A-2907-60342AB49313}.Release|Any CPU.ActiveCfg = Release|Any CPU
		{8A827E83-8A3D-AB4A-2907-60342AB49313}.Release|Any CPU.Build.0 = Release|Any CPU
		{74494DDA-DB0C-674D-62F0-457AE4046059}.Debug|Any CPU.ActiveCfg = Debug|Any CPU
		{74494DDA-DB0C-674D-62F0-457AE4046059}.Debug|Any CPU.Build.0 = Debug|Any CPU
		{74494DDA-DB0C-674D-62F0-457AE4046059}.Release|Any CPU.ActiveCfg = Release|Any CPU
		{74494DDA-DB0C-674D-62F0-457AE4046059}.Release|Any CPU.Build.0 = Release|Any CPU
	EndGlobalSection
	GlobalSection(SolutionProperties) = preSolution
		HideSolutionNode = FALSE
	EndGlobalSection
	GlobalSection(MonoDevelopProperties) = preSolution
		StartupItem = Assembly-CSharp.csproj
	EndGlobalSection
EndGlobal
